
Microsoft Visual Studio Solution File, Format Version 12.00
# Visual Studio Version 17
VisualStudioVersion = 17.14.36623.8
MinimumVisualStudioVersion = 10.0.40219.1
Project("{2150E333-8FDC-42A3-9474-1A3956D46DE8}") = "Services", "Services", "{5854FF58-B8C5-05C6-5BF2-ACE42193F22B}"
EndProject
Project("{FAE04EC0-301F-11D3-BF4B-00C04F79EFBC}") = "AuthService", "Services\AuthService\AuthService.csproj", "{432EA1DD-52C9-47AF-8E7D-0D5D48BE6747}"
EndProject
Project("{FAE04EC0-301F-11D3-BF4B-00C04F79EFBC}") = "CartService", "Services\CartService\CartService.csproj", "{5FD913EB-81EA-4A99-8109-D9691D64AF7D}"
EndProject
Project("{FAE04EC0-301F-11D3-BF4B-00C04F79EFBC}") = "OrderService", "Services\OrderService\OrderService.csproj", "{6D795391-69F2-4946-8601-17C07C1CFCA5}"
EndProject
Project("{FAE04EC0-301F-11D3-BF4B-00C04F79EFBC}") = "InventoyService", "InventoyService\InventoyService.csproj", "{DC868642-42EA-4AE7-8D8D-BCAE56AD1783}"
EndProject
Project("{FAE04EC0-301F-11D3-BF4B-00C04F79EFBC}") = "ShippingService", "Services\ShippingService\ShippingService.csproj", "{A1B2C3D4-E5F6-7890-ABCD-EF1234567890}"
EndProject
Project("{FAE04EC0-301F-11D3-BF4B-00C04F79EFBC}") = "PaymentService", "Services\PaymentService\PaymentService.csproj", "{8832028B-CBB9-404C-8775-A7BE109E1F0C}"
EndProject
Global
	GlobalSection(SolutionConfigurationPlatforms) = preSolution
		Debug|Any CPU = Debug|Any CPU
		Debug|x64 = Debug|x64
		Debug|x86 = Debug|x86
		Release|Any CPU = Release|Any CPU
		Release|x64 = Release|x64
		Release|x86 = Release|x86
	EndGlobalSection
	GlobalSection(ProjectConfigurationPlatforms) = postSolution
		{432EA1DD-52C9-47AF-8E7D-0D5D48BE6747}.Debug|Any CPU.ActiveCfg = Debug|Any CPU
		{432EA1DD-52C9-47AF-8E7D-0D5D48BE6747}.Debug|Any CPU.Build.0 = Debug|Any CPU
		{432EA1DD-52C9-47AF-8E7D-0D5D48BE6747}.Debug|x64.ActiveCfg = Debug|Any CPU
		{432EA1DD-52C9-47AF-8E7D-0D5D48BE6747}.Debug|x64.Build.0 = Debug|Any CPU
		{432EA1DD-52C9-47AF-8E7D-0D5D48BE6747}.Debug|x86.ActiveCfg = Debug|Any CPU
		{432EA1DD-52C9-47AF-8E7D-0D5D48BE6747}.Debug|x86.Build.0 = Debug|Any CPU
		{432EA1DD-52C9-47AF-8E7D-0D5D48BE6747}.Release|Any CPU.ActiveCfg = Release|Any CPU
		{432EA1DD-52C9-47AF-8E7D-0D5D48BE6747}.Release|Any CPU.Build.0 = Release|Any CPU
		{432EA1DD-52C9-47AF-8E7D-0D5D48BE6747}.Release|x64.ActiveCfg = Release|Any CPU
		{432EA1DD-52C9-47AF-8E7D-0D5D48BE6747}.Release|x64.Build.0 = Release|Any CPU
		{432EA1DD-52C9-47AF-8E7D-0D5D48BE6747}.Release|x86.ActiveCfg = Release|Any CPU
		{432EA1DD-52C9-47AF-8E7D-0D5D48BE6747}.Release|x86.Build.0 = Release|Any CPU
		{5FD913EB-81EA-4A99-8109-D9691D64AF7D}.Debug|Any CPU.ActiveCfg = Debug|Any CPU
		{5FD913EB-81EA-4A99-8109-D9691D64AF7D}.Debug|Any CPU.Build.0 = Debug|Any CPU
		{5FD913EB-81EA-4A99-8109-D9691D64AF7D}.Debug|x64.ActiveCfg = Debug|Any CPU
		{5FD913EB-81EA-4A99-8109-D9691D64AF7D}.Debug|x64.Build.0 = Debug|Any CPU
		{5FD913EB-81EA-4A99-8109-D9691D64AF7D}.Debug|x86.ActiveCfg = Debug|Any CPU
		{5FD913EB-81EA-4A99-8109-D9691D64AF7D}.Debug|x86.Build.0 = Debug|Any CPU
		{5FD913EB-81EA-4A99-8109-D9691D64AF7D}.Release|Any CPU.ActiveCfg = Release|Any CPU
		{5FD913EB-81EA-4A99-8109-D9691D64AF7D}.Release|Any CPU.Build.0 = Release|Any CPU
		{5FD913EB-81EA-4A99-8109-D9691D64AF7D}.Release|x64.ActiveCfg = Release|Any CPU
		{5FD913EB-81EA-4A99-8109-D9691D64AF7D}.Release|x64.Build.0 = Release|Any CPU
		{5FD913EB-81EA-4A99-8109-D9691D64AF7D}.Release|x86.ActiveCfg = Release|Any CPU
		{5FD913EB-81EA-4A99-8109-D9691D64AF7D}.Release|x86.Build.0 = Release|Any CPU
		{6D795391-69F2-4946-8601-17C07C1CFCA5}.Debug|Any CPU.ActiveCfg = Debug|Any CPU
		{6D795391-69F2-4946-8601-17C07C1CFCA5}.Debug|Any CPU.Build.0 = Debug|Any CPU
		{6D795391-69F2-4946-8601-17C07C1CFCA5}.Debug|x64.ActiveCfg = Debug|Any CPU
		{6D795391-69F2-4946-8601-17C07C1CFCA5}.Debug|x64.Build.0 = Debug|Any CPU
		{6D795391-69F2-4946-8601-17C07C1CFCA5}.Debug|x86.ActiveCfg = Debug|Any CPU
		{6D795391-69F2-4946-8601-17C07C1CFCA5}.Debug|x86.Build.0 = Debug|Any CPU
		{6D795391-69F2-4946-8601-17C07C1CFCA5}.Release|Any CPU.ActiveCfg = Release|Any CPU
		{6D795391-69F2-4946-8601-17C07C1CFCA5}.Release|Any CPU.Build.0 = Release|Any CPU
		{6D795391-69F2-4946-8601-17C07C1CFCA5}.Release|x64.ActiveCfg = Release|Any CPU
		{6D795391-69F2-4946-8601-17C07C1CFCA5}.Release|x64.Build.0 = Release|Any CPU
		{6D795391-69F2-4946-8601-17C07C1CFCA5}.Release|x86.ActiveCfg = Release|Any CPU
		{6D795391-69F2-4946-8601-17C07C1CFCA5}.Release|x86.Build.0 = Release|Any CPU
		{DC868642-42EA-4AE7-8D8D-BCAE56AD1783}.Debug|Any CPU.ActiveCfg = Debug|Any CPU
		{DC868642-42EA-4AE7-8D8D-BCAE56AD1783}.Debug|Any CPU.Build.0 = Debug|Any CPU
		{DC868642-42EA-4AE7-8D8D-BCAE56AD1783}.Debug|x64.ActiveCfg = Debug|Any CPU
		{DC868642-42EA-4AE7-8D8D-BCAE56AD1783}.Debug|x64.Build.0 = Debug|Any CPU
		{DC868642-42EA-4AE7-8D8D-BCAE56AD1783}.Debug|x86.ActiveCfg = Debug|Any CPU
		{DC868642-42EA-4AE7-8D8D-BCAE56AD1783}.Debug|x86.Build.0 = Debug|Any CPU
		{DC868642-42EA-4AE7-8D8D-BCAE56AD1783}.Release|Any CPU.ActiveCfg = Release|Any CPU
		{DC868642-42EA-4AE7-8D8D-BCAE56AD1783}.Release|Any CPU.Build.0 = Release|Any CPU
		{DC868642-42EA-4AE7-8D8D-BCAE56AD1783}.Release|x64.ActiveCfg = Release|Any CPU
		{DC868642-42EA-4AE7-8D8D-BCAE56AD1783}.Release|x64.Build.0 = Release|Any CPU
		{DC868642-42EA-4AE7-8D8D-BCAE56AD1783}.Release|x86.ActiveCfg = Release|Any CPU
		{DC868642-42EA-4AE7-8D8D-BCAE56AD1783}.Release|x86.Build.0 = Release|Any CPU
		{A1B2C3D4-E5F6-7890-ABCD-EF1234567890}.Debug|Any CPU.ActiveCfg = Debug|Any CPU
		{A1B2C3D4-E5F6-7890-ABCD-EF1234567890}.Debug|Any CPU.Build.0 = Debug|Any CPU
		{A1B2C3D4-E5F6-7890-ABCD-EF1234567890}.Debug|x64.ActiveCfg = Debug|Any CPU
		{A1B2C3D4-E5F6-7890-ABCD-EF1234567890}.Debug|x64.Build.0 = Debug|Any CPU
		{A1B2C3D4-E5F6-7890-ABCD-EF1234567890}.Debug|x86.ActiveCfg = Debug|Any CPU
		{A1B2C3D4-E5F6-7890-ABCD-EF1234567890}.Debug|x86.Build.0 = Debug|Any CPU
		{A1B2C3D4-E5F6-7890-ABCD-EF1234567890}.Release|Any CPU.ActiveCfg = Release|Any CPU
		{A1B2C3D4-E5F6-7890-ABCD-EF1234567890}.Release|Any CPU.Build.0 = Release|Any CPU
		{A1B2C3D4-E5F6-7890-ABCD-EF1234567890}.Release|x64.ActiveCfg = Release|Any CPU
		{A1B2C3D4-E5F6-7890-ABCD-EF1234567890}.Release|x64.Build.0 = Release|Any CPU
		{A1B2C3D4-E5F6-7890-ABCD-EF1234567890}.Release|x86.ActiveCfg = Release|Any CPU
		{A1B2C3D4-E5F6-7890-ABCD-EF1234567890}.Release|x86.Build.0 = Release|Any CPU
		{8832028B-CBB9-404C-8775-A7BE109E1F0C}.Debug|Any CPU.ActiveCfg = Debug|Any CPU
		{8832028B-CBB9-404C-8775-A7BE109E1F0C}.Debug|Any CPU.Build.0 = Debug|Any CPU
		{8832028B-CBB9-404C-8775-A7BE109E1F0C}.Debug|x64.ActiveCfg = Debug|Any CPU
		{8832028B-CBB9-404C-8775-A7BE109E1F0C}.Debug|x64.Build.0 = Debug|Any CPU
		{8832028B-CBB9-404C-8775-A7BE109E1F0C}.Debug|x86.ActiveCfg = Debug|Any CPU
		{8832028B-CBB9-404C-8775-A7BE109E1F0C}.Debug|x86.Build.0 = Debug|Any CPU
		{8832028B-CBB9-404C-8775-A7BE109E1F0C}.Release|Any CPU.ActiveCfg = Release|Any CPU
		{8832028B-CBB9-404C-8775-A7BE109E1F0C}.Release|Any CPU.Build.0 = Release|Any CPU
		{8832028B-CBB9-404C-8775-A7BE109E1F0C}.Release|x64.ActiveCfg = Release|Any CPU
		{8832028B-CBB9-404C-8775-A7BE109E1F0C}.Release|x64.Build.0 = Release|Any CPU
		{8832028B-CBB9-404C-8775-A7BE109E1F0C}.Release|x86.ActiveCfg = Release|Any CPU
		{8832028B-CBB9-404C-8775-A7BE109E1F0C}.Release|x86.Build.0 = Release|Any CPU
	EndGlobalSection
	GlobalSection(SolutionProperties) = preSolution
		HideSolutionNode = FALSE
	EndGlobalSection
	GlobalSection(NestedProjects) = preSolution
		{432EA1DD-52C9-47AF-8E7D-0D5D48BE6747} = {5854FF58-B8C5-05C6-5BF2-ACE42193F22B}
		{5FD913EB-81EA-4A99-8109-D9691D64AF7D} = {5854FF58-B8C5-05C6-5BF2-ACE42193F22B}
		{6D795391-69F2-4946-8601-17C07C1CFCA5} = {5854FF58-B8C5-05C6-5BF2-ACE42193F22B}
		{DC868642-42EA-4AE7-8D8D-BCAE56AD1783} = {5854FF58-B8C5-05C6-5BF2-ACE42193F22B}
		{A1B2C3D4-E5F6-7890-ABCD-EF1234567890} = {5854FF58-B8C5-05C6-5BF2-ACE42193F22B}
		{8832028B-CBB9-404C-8775-A7BE109E1F0C} = {5854FF58-B8C5-05C6-5BF2-ACE42193F22B}
	EndGlobalSection
	GlobalSection(ExtensibilityGlobals) = postSolution
		SolutionGuid = {210264DC-B4C8-4DE3-A5BA-31455AD89530}
	EndGlobalSection
EndGlobal
